
Microsoft Visual Studio Solution File, Format Version 12.00
# Visual Studio Version 16
VisualStudioVersion = 16.0.29102.190
MinimumVisualStudioVersion = 10.0.40219.1
Project("{FAE04EC0-301F-11D3-BF4B-00C04F79EFBC}") = "Tesis", "Tesis.csproj", "{BF7EA104-2D8E-4582-ADE2-B70EF8E12671}"
EndProject
Global
	GlobalSection(SolutionConfigurationPlatforms) = preSolution
		Debug|Any CPU = Debug|Any CPU
		Release|Any CPU = Release|Any CPU
	EndGlobalSection
	GlobalSection(ProjectConfigurationPlatforms) = postSolution
		{BF7EA104-2D8E-4582-ADE2-B70EF8E12671}.Debug|Any CPU.ActiveCfg = Debug|Any CPU
		{BF7EA104-2D8E-4582-ADE2-B70EF8E12671}.Debug|Any CPU.Build.0 = Debug|Any CPU
		{BF7EA104-2D8E-4582-ADE2-B70EF8E12671}.Release|Any CPU.ActiveCfg = Release|Any CPU
		{BF7EA104-2D8E-4582-ADE2-B70EF8E12671}.Release|Any CPU.Build.0 = Release|Any CPU
	EndGlobalSection
	GlobalSection(SolutionProperties) = preSolution
		HideSolutionNode = FALSE
	EndGlobalSection
	GlobalSection(ExtensibilityGlobals) = postSolution
		SolutionGuid = {E2C54890-88EA-4C20-950B-6A1C3CCAF2B5}
	EndGlobalSection
EndGlobal
